
Microsoft Visual Studio Solution File, Format Version 12.00
# Visual Studio 15
VisualStudioVersion = 15.0.26730.3
MinimumVisualStudioVersion = 10.0.40219.1
Project("{8BC9CEB8-8B4A-11D0-8D11-00A0C91BC942}") = "Lab9_Test", "Lab9_Test\Lab9_Test.vcxproj", "{1C64818A-1845-4CFD-B00C-194DCE6A6E86}"
EndProject
Global
	GlobalSection(SolutionConfigurationPlatforms) = preSolution
		Debug|x64 = Debug|x64
		Debug|x86 = Debug|x86
		Release|x64 = Release|x64
		Release|x86 = Release|x86
	EndGlobalSection
	GlobalSection(ProjectConfigurationPlatforms) = postSolution
		{1C64818A-1845-4CFD-B00C-194DCE6A6E86}.Debug|x64.ActiveCfg = Debug|x64
		{1C64818A-1845-4CFD-B00C-194DCE6A6E86}.Debug|x64.Build.0 = Debug|x64
		{1C64818A-1845-4CFD-B00C-194DCE6A6E86}.Debug|x86.ActiveCfg = Debug|Win32
		{1C64818A-1845-4CFD-B00C-194DCE6A6E86}.Debug|x86.Build.0 = Debug|Win32
		{1C64818A-1845-4CFD-B00C-194DCE6A6E86}.Release|x64.ActiveCfg = Release|x64
		{1C64818A-1845-4CFD-B00C-194DCE6A6E86}.Release|x64.Build.0 = Release|x64
		{1C64818A-1845-4CFD-B00C-194DCE6A6E86}.Release|x86.ActiveCfg = Release|Win32
		{1C64818A-1845-4CFD-B00C-194DCE6A6E86}.Release|x86.Build.0 = Release|Win32
	EndGlobalSection
	GlobalSection(SolutionProperties) = preSolution
		HideSolutionNode = FALSE
	EndGlobalSection
	GlobalSection(ExtensibilityGlobals) = postSolution
		SolutionGuid = {8DDC2A4A-FDF0-4855-A80D-D5EBB515F2FC}
	EndGlobalSection
EndGlobal
