
Microsoft Visual Studio Solution File, Format Version 12.00
# Visual Studio 15
VisualStudioVersion = 15.0.26730.3
MinimumVisualStudioVersion = 10.0.40219.1
Project("{8BC9CEB8-8B4A-11D0-8D11-00A0C91BC942}") = "Lab10_VarArray", "Lab10_VarArray\Lab10_VarArray.vcxproj", "{7032BFA4-2629-41CB-BE4D-04CB6E9A4012}"
EndProject
Global
	GlobalSection(SolutionConfigurationPlatforms) = preSolution
		Debug|x64 = Debug|x64
		Debug|x86 = Debug|x86
		Release|x64 = Release|x64
		Release|x86 = Release|x86
	EndGlobalSection
	GlobalSection(ProjectConfigurationPlatforms) = postSolution
		{7032BFA4-2629-41CB-BE4D-04CB6E9A4012}.Debug|x64.ActiveCfg = Debug|x64
		{7032BFA4-2629-41CB-BE4D-04CB6E9A4012}.Debug|x64.Build.0 = Debug|x64
		{7032BFA4-2629-41CB-BE4D-04CB6E9A4012}.Debug|x86.ActiveCfg = Debug|Win32
		{7032BFA4-2629-41CB-BE4D-04CB6E9A4012}.Debug|x86.Build.0 = Debug|Win32
		{7032BFA4-2629-41CB-BE4D-04CB6E9A4012}.Release|x64.ActiveCfg = Release|x64
		{7032BFA4-2629-41CB-BE4D-04CB6E9A4012}.Release|x64.Build.0 = Release|x64
		{7032BFA4-2629-41CB-BE4D-04CB6E9A4012}.Release|x86.ActiveCfg = Release|Win32
		{7032BFA4-2629-41CB-BE4D-04CB6E9A4012}.Release|x86.Build.0 = Release|Win32
	EndGlobalSection
	GlobalSection(SolutionProperties) = preSolution
		HideSolutionNode = FALSE
	EndGlobalSection
	GlobalSection(ExtensibilityGlobals) = postSolution
		SolutionGuid = {AF0A1BAB-3C60-4E85-BF09-75DFCF19C65C}
	EndGlobalSection
EndGlobal
