
Microsoft Visual Studio Solution File, Format Version 12.00
# Visual Studio 15
VisualStudioVersion = 15.0.26730.3
MinimumVisualStudioVersion = 10.0.40219.1
Project("{8BC9CEB8-8B4A-11D0-8D11-00A0C91BC942}") = "Lab3_Sum", "Lab3_Sum\Lab3_Sum.vcxproj", "{7B1825CE-0890-43F2-8FC9-1E9519E5ED65}"
EndProject
Global
	GlobalSection(SolutionConfigurationPlatforms) = preSolution
		Debug|x64 = Debug|x64
		Debug|x86 = Debug|x86
		Release|x64 = Release|x64
		Release|x86 = Release|x86
	EndGlobalSection
	GlobalSection(ProjectConfigurationPlatforms) = postSolution
		{7B1825CE-0890-43F2-8FC9-1E9519E5ED65}.Debug|x64.ActiveCfg = Debug|x64
		{7B1825CE-0890-43F2-8FC9-1E9519E5ED65}.Debug|x64.Build.0 = Debug|x64
		{7B1825CE-0890-43F2-8FC9-1E9519E5ED65}.Debug|x86.ActiveCfg = Debug|Win32
		{7B1825CE-0890-43F2-8FC9-1E9519E5ED65}.Debug|x86.Build.0 = Debug|Win32
		{7B1825CE-0890-43F2-8FC9-1E9519E5ED65}.Release|x64.ActiveCfg = Release|x64
		{7B1825CE-0890-43F2-8FC9-1E9519E5ED65}.Release|x64.Build.0 = Release|x64
		{7B1825CE-0890-43F2-8FC9-1E9519E5ED65}.Release|x86.ActiveCfg = Release|Win32
		{7B1825CE-0890-43F2-8FC9-1E9519E5ED65}.Release|x86.Build.0 = Release|Win32
	EndGlobalSection
	GlobalSection(SolutionProperties) = preSolution
		HideSolutionNode = FALSE
	EndGlobalSection
	GlobalSection(ExtensibilityGlobals) = postSolution
		SolutionGuid = {E1D0E059-672D-413E-B04B-6F714342385C}
	EndGlobalSection
EndGlobal
