
Microsoft Visual Studio Solution File, Format Version 12.00
# Visual Studio 15
VisualStudioVersion = 15.0.26730.3
MinimumVisualStudioVersion = 10.0.40219.1
Project("{8BC9CEB8-8B4A-11D0-8D11-00A0C91BC942}") = "Lab4_Guess", "Lab4_Guess\Lab4_Guess.vcxproj", "{91CF0525-D968-43FC-B9DA-B42FDCD74C49}"
EndProject
Global
	GlobalSection(SolutionConfigurationPlatforms) = preSolution
		Debug|x64 = Debug|x64
		Debug|x86 = Debug|x86
		Release|x64 = Release|x64
		Release|x86 = Release|x86
	EndGlobalSection
	GlobalSection(ProjectConfigurationPlatforms) = postSolution
		{91CF0525-D968-43FC-B9DA-B42FDCD74C49}.Debug|x64.ActiveCfg = Debug|x64
		{91CF0525-D968-43FC-B9DA-B42FDCD74C49}.Debug|x64.Build.0 = Debug|x64
		{91CF0525-D968-43FC-B9DA-B42FDCD74C49}.Debug|x86.ActiveCfg = Debug|Win32
		{91CF0525-D968-43FC-B9DA-B42FDCD74C49}.Debug|x86.Build.0 = Debug|Win32
		{91CF0525-D968-43FC-B9DA-B42FDCD74C49}.Release|x64.ActiveCfg = Release|x64
		{91CF0525-D968-43FC-B9DA-B42FDCD74C49}.Release|x64.Build.0 = Release|x64
		{91CF0525-D968-43FC-B9DA-B42FDCD74C49}.Release|x86.ActiveCfg = Release|Win32
		{91CF0525-D968-43FC-B9DA-B42FDCD74C49}.Release|x86.Build.0 = Release|Win32
	EndGlobalSection
	GlobalSection(SolutionProperties) = preSolution
		HideSolutionNode = FALSE
	EndGlobalSection
	GlobalSection(ExtensibilityGlobals) = postSolution
		SolutionGuid = {ED7DCD30-8A1A-4FB7-912E-7F92B4CE30E2}
	EndGlobalSection
EndGlobal
